// !$*UTF8*$!
{
	archiveVersion = 1;
	classes = {
	};
	objectVersion = 56;
	objects = {

/* Begin PBXBuildFile section */
		A5DE526A2A02333F004C22E7 /* toDoMVVMApp.swift in Sources */ = {isa = PBXBuildFile; fileRef = A5DE52692A02333F004C22E7 /* toDoMVVMApp.swift */; };
		A5DE526C2A02333F004C22E7 /* ContentView.swift in Sources */ = {isa = PBXBuildFile; fileRef = A5DE526B2A02333F004C22E7 /* ContentView.swift */; };
		A5DE526E2A023340004C22E7 /* Assets.xcassets in Resources */ = {isa = PBXBuildFile; fileRef = A5DE526D2A023340004C22E7 /* Assets.xcassets */; };
		A5DE52712A023340004C22E7 /* Preview Assets.xcassets in Resources */ = {isa = PBXBuildFile; fileRef = A5DE52702A023340004C22E7 /* Preview Assets.xcassets */; };
		A5DE527B2A0233D7004C22E7 /* ToDo.swift in Sources */ = {isa = PBXBuildFile; fileRef = A5DE527A2A0233D7004C22E7 /* ToDo.swift */; };
		A5DE527D2A02344C004C22E7 /* ToDoListViewModel.swift in Sources */ = {isa = PBXBuildFile; fileRef = A5DE527C2A02344C004C22E7 /* ToDoListViewModel.swift */; };
		A5DE527F2A0271E1004C22E7 /* ToDoListUserDefaultsViewModel.swift in Sources */ = {isa = PBXBuildFile; fileRef = A5DE527E2A0271E1004C22E7 /* ToDoListUserDefaultsViewModel.swift */; };
/* End PBXBuildFile section */

/* Begin PBXFileReference section */
		A5DE52662A02333F004C22E7 /* toDoMVVM.app */ = {isa = PBXFileReference; explicitFileType = wrapper.application; includeInIndex = 0; path = toDoMVVM.app; sourceTree = BUILT_PRODUCTS_DIR; };
		A5DE52692A02333F004C22E7 /* toDoMVVMApp.swift */ = {isa = PBXFileReference; lastKnownFileType = sourcecode.swift; path = toDoMVVMApp.swift; sourceTree = "<group>"; };
		A5DE526B2A02333F004C22E7 /* ContentView.swift */ = {isa = PBXFileReference; lastKnownFileType = sourcecode.swift; path = ContentView.swift; sourceTree = "<group>"; };
		A5DE526D2A023340004C22E7 /* Assets.xcassets */ = {isa = PBXFileReference; lastKnownFileType = folder.assetcatalog; path = Assets.xcassets; sourceTree = "<group>"; };
		A5DE52702A023340004C22E7 /* Preview Assets.xcassets */ = {isa = PBXFileReference; lastKnownFileType = folder.assetcatalog; path = "Preview Assets.xcassets"; sourceTree = "<group>"; };
		A5DE527A2A0233D7004C22E7 /* ToDo.swift */ = {isa = PBXFileReference; lastKnownFileType = sourcecode.swift; path = ToDo.swift; sourceTree = "<group>"; };
		A5DE527C2A02344C004C22E7 /* ToDoListViewModel.swift */ = {isa = PBXFileReference; lastKnownFileType = sourcecode.swift; path = ToDoListViewModel.swift; sourceTree = "<group>"; };
		A5DE527E2A0271E1004C22E7 /* ToDoListUserDefaultsViewModel.swift */ = {isa = PBXFileReference; lastKnownFileType = sourcecode.swift; path = ToDoListUserDefaultsViewModel.swift; sourceTree = "<group>"; };
/* End PBXFileReference section */

/* Begin PBXFrameworksBuildPhase section */
		A5DE52632A02333F004C22E7 /* Frameworks */ = {
			isa = PBXFrameworksBuildPhase;
			buildActionMask = 2147483647;
			files = (
			);
			runOnlyForDeploymentPostprocessing = 0;
		};
/* End PBXFrameworksBuildPhase section */

/* Begin PBXGroup section */
		A5DE525D2A02333F004C22E7 = {
			isa = PBXGroup;
			children = (
				A5DE52682A02333F004C22E7 /* toDoMVVM */,
				A5DE52672A02333F004C22E7 /* Products */,
			);
			sourceTree = "<group>";
		};
		A5DE52672A02333F004C22E7 /* Products */ = {
			isa = PBXGroup;
			children = (
				A5DE52662A02333F004C22E7 /* toDoMVVM.app */,
			);
			name = Products;
			sourceTree = "<group>";
		};
		A5DE52682A02333F004C22E7 /* toDoMVVM */ = {
			isa = PBXGroup;
			children = (
				A5DE52792A023393004C22E7 /* Model */,
				A5DE52782A02338A004C22E7 /* View */,
				A5DE52772A023378004C22E7 /* ViewModel */,
				A5DE52692A02333F004C22E7 /* toDoMVVMApp.swift */,
				A5DE526D2A023340004C22E7 /* Assets.xcassets */,
				A5DE526F2A023340004C22E7 /* Preview Content */,
			);
			path = toDoMVVM;
			sourceTree = "<group>";
		};
		A5DE526F2A023340004C22E7 /* Preview Content */ = {
			isa = PBXGroup;
			children = (
				A5DE52702A023340004C22E7 /* Preview Assets.xcassets */,
			);
			path = "Preview Content";
			sourceTree = "<group>";
		};
		A5DE52772A023378004C22E7 /* ViewModel */ = {
			isa = PBXGroup;
			children = (
				A5DE527C2A02344C004C22E7 /* ToDoListViewModel.swift */,
				A5DE527E2A0271E1004C22E7 /* ToDoListUserDefaultsViewModel.swift */,
			);
			path = ViewModel;
			sourceTree = "<group>";
		};
		A5DE52782A02338A004C22E7 /* View */ = {
			isa = PBXGroup;
			children = (
				A5DE526B2A02333F004C22E7 /* ContentView.swift */,
			);
			path = View;
			sourceTree = "<group>";
		};
		A5DE52792A023393004C22E7 /* Model */ = {
			isa = PBXGroup;
			children = (
				A5DE527A2A0233D7004C22E7 /* ToDo.swift */,
			);
			path = Model;
			sourceTree = "<group>";
		};
/* End PBXGroup section */

/* Begin PBXNativeTarget section */
		A5DE52652A02333F004C22E7 /* toDoMVVM */ = {
			isa = PBXNativeTarget;
			buildConfigurationList = A5DE52742A023340004C22E7 /* Build configuration list for PBXNativeTarget "toDoMVVM" */;
			buildPhases = (
				A5DE52622A02333F004C22E7 /* Sources */,
				A5DE52632A02333F004C22E7 /* Frameworks */,
				A5DE52642A02333F004C22E7 /* Resources */,
			);
			buildRules = (
			);
			dependencies = (
			);
			name = toDoMVVM;
			productName = toDoMVVM;
			productReference = A5DE52662A02333F004C22E7 /* toDoMVVM.app */;
			productType = "com.apple.product-type.application";
		};
/* End PBXNativeTarget section */

/* Begin PBXProject section */
		A5DE525E2A02333F004C22E7 /* Project object */ = {
			isa = PBXProject;
			attributes = {
				BuildIndependentTargetsInParallel = 1;
				LastSwiftUpdateCheck = 1430;
				LastUpgradeCheck = 1430;
				TargetAttributes = {
					A5DE52652A02333F004C22E7 = {
						CreatedOnToolsVersion = 14.3;
					};
				};
			};
			buildConfigurationList = A5DE52612A02333F004C22E7 /* Build configuration list for PBXProject "toDoMVVM" */;
			compatibilityVersion = "Xcode 14.0";
			developmentRegion = en;
			hasScannedForEncodings = 0;
			knownRegions = (
				en,
				Base,
			);
			mainGroup = A5DE525D2A02333F004C22E7;
			productRefGroup = A5DE52672A02333F004C22E7 /* Products */;
			projectDirPath = "";
			projectRoot = "";
			targets = (
				A5DE52652A02333F004C22E7 /* toDoMVVM */,
			);
		};
/* End PBXProject section */

/* Begin PBXResourcesBuildPhase section */
		A5DE52642A02333F004C22E7 /* Resources */ = {
			isa = PBXResourcesBuildPhase;
			buildActionMask = 2147483647;
			files = (
				A5DE52712A023340004C22E7 /* Preview Assets.xcassets in Resources */,
				A5DE526E2A023340004C22E7 /* Assets.xcassets in Resources */,
			);
			runOnlyForDeploymentPostprocessing = 0;
		};
/* End PBXResourcesBuildPhase section */

/* Begin PBXSourcesBuildPhase section */
		A5DE52622A02333F004C22E7 /* Sources */ = {
			isa = PBXSourcesBuildPhase;
			buildActionMask = 2147483647;
			files = (
				A5DE527D2A02344C004C22E7 /* ToDoListViewModel.swift in Sources */,
				A5DE527B2A0233D7004C22E7 /* ToDo.swift in Sources */,
				A5DE526C2A02333F004C22E7 /* ContentView.swift in Sources */,
				A5DE526A2A02333F004C22E7 /* toDoMVVMApp.swift in Sources */,
				A5DE527F2A0271E1004C22E7 /* ToDoListUserDefaultsViewModel.swift in Sources */,
			);
			runOnlyForDeploymentPostprocessing = 0;
		};
/* End PBXSourcesBuildPhase section */

/* Begin XCBuildConfiguration section */
		A5DE52722A023340004C22E7 /* Debug */ = {
			isa = XCBuildConfiguration;
			buildSettings = {
				ALWAYS_SEARCH_USER_PATHS = NO;
				CLANG_ANALYZER_NONNULL = YES;
				CLANG_ANALYZER_NUMBER_OBJECT_CONVERSION = YES_AGGRESSIVE;
				CLANG_CXX_LANGUAGE_STANDARD = "gnu++20";
				CLANG_ENABLE_MODULES = YES;
				CLANG_ENABLE_OBJC_ARC = YES;
				CLANG_ENABLE_OBJC_WEAK = YES;
				CLANG_WARN_BLOCK_CAPTURE_AUTORELEASING = YES;
				CLANG_WARN_BOOL_CONVERSION = YES;
				CLANG_WARN_COMMA = YES;
				CLANG_WARN_CONSTANT_CONVERSION = YES;
				CLANG_WARN_DEPRECATED_OBJC_IMPLEMENTATIONS = YES;
				CLANG_WARN_DIRECT_OBJC_ISA_USAGE = YES_ERROR;
				CLANG_WARN_DOCUMENTATION_COMMENTS = YES;
				CLANG_WARN_EMPTY_BODY = YES;
				CLANG_WARN_ENUM_CONVERSION = YES;
				CLANG_WARN_INFINITE_RECURSION = YES;
				CLANG_WARN_INT_CONVERSION = YES;
				CLANG_WARN_NON_LITERAL_NULL_CONVERSION = YES;
				CLANG_WARN_OBJC_IMPLICIT_RETAIN_SELF = YES;
				CLANG_WARN_OBJC_LITERAL_CONVERSION = YES;
				CLANG_WARN_OBJC_ROOT_CLASS = YES_ERROR;
				CLANG_WARN_QUOTED_INCLUDE_IN_FRAMEWORK_HEADER = YES;
				CLANG_WARN_RANGE_LOOP_ANALYSIS = YES;
				CLANG_WARN_STRICT_PROTOTYPES = YES;
				CLANG_WARN_SUSPICIOUS_MOVE = YES;
				CLANG_WARN_UNGUARDED_AVAILABILITY = YES_AGGRESSIVE;
				CLANG_WARN_UNREACHABLE_CODE = YES;
				CLANG_WARN__DUPLICATE_METHOD_MATCH = YES;
				COPY_PHASE_STRIP = NO;
				DEBUG_INFORMATION_FORMAT = dwarf;
				ENABLE_STRICT_OBJC_MSGSEND = YES;
				ENABLE_TESTABILITY = YES;
				GCC_C_LANGUAGE_STANDARD = gnu11;
				GCC_DYNAMIC_NO_PIC = NO;
				GCC_NO_COMMON_BLOCKS = YES;
				GCC_OPTIMIZATION_LEVEL = 0;
				GCC_PREPROCESSOR_DEFINITIONS = (
					"DEBUG=1",
					"$(inherited)",
				);
				GCC_WARN_64_TO_32_BIT_CONVERSION = YES;
				GCC_WARN_ABOUT_RETURN_TYPE = YES_ERROR;
				GCC_WARN_UNDECLARED_SELECTOR = YES;
				GCC_WARN_UNINITIALIZED_AUTOS = YES_AGGRESSIVE;
				GCC_WARN_UNUSED_FUNCTION = YES;
				GCC_WARN_UNUSED_VARIABLE = YES;
				IPHONEOS_DEPLOYMENT_TARGET = 16.4;
				MTL_ENABLE_DEBUG_INFO = INCLUDE_SOURCE;
				MTL_FAST_MATH = YES;
				ONLY_ACTIVE_ARCH = YES;
				SDKROOT = iphoneos;
				SWIFT_ACTIVE_COMPILATION_CONDITIONS = DEBUG;
				SWIFT_OPTIMIZATION_LEVEL = "-Onone";
			};
			name = Debug;
		};
		A5DE52732A023340004C22E7 /* Release */ = {
			isa = XCBuildConfiguration;
			buildSettings = {
				ALWAYS_SEARCH_USER_PATHS = NO;
				CLANG_ANALYZER_NONNULL = YES;
				CLANG_ANALYZER_NUMBER_OBJECT_CONVERSION = YES_AGGRESSIVE;
				CLANG_CXX_LANGUAGE_STANDARD = "gnu++20";
				CLANG_ENABLE_MODULES = YES;
				CLANG_ENABLE_OBJC_ARC = YES;
				CLANG_ENABLE_OBJC_WEAK = YES;
				CLANG_WARN_BLOCK_CAPTURE_AUTORELEASING = YES;
				CLANG_WARN_BOOL_CONVERSION = YES;
				CLANG_WARN_COMMA = YES;
				CLANG_WARN_CONSTANT_CONVERSION = YES;
				CLANG_WARN_DEPRECATED_OBJC_IMPLEMENTATIONS = YES;
				CLANG_WARN_DIRECT_OBJC_ISA_USAGE = YES_ERROR;
				CLANG_WARN_DOCUMENTATION_COMMENTS = YES;
				CLANG_WARN_EMPTY_BODY = YES;
				CLANG_WARN_ENUM_CONVERSION = YES;
				CLANG_WARN_INFINITE_RECURSION = YES;
				CLANG_WARN_INT_CONVERSION = YES;
				CLANG_WARN_NON_LITERAL_NULL_CONVERSION = YES;
				CLANG_WARN_OBJC_IMPLICIT_RETAIN_SELF = YES;
				CLANG_WARN_OBJC_LITERAL_CONVERSION = YES;
				CLANG_WARN_OBJC_ROOT_CLASS = YES_ERROR;
				CLANG_WARN_QUOTED_INCLUDE_IN_FRAMEWORK_HEADER = YES;
				CLANG_WARN_RANGE_LOOP_ANALYSIS = YES;
				CLANG_WARN_STRICT_PROTOTYPES = YES;
				CLANG_WARN_SUSPICIOUS_MOVE = YES;
				CLANG_WARN_UNGUARDED_AVAILABILITY = YES_AGGRESSIVE;
				CLANG_WARN_UNREACHABLE_CODE = YES;
				CLANG_WARN__DUPLICATE_METHOD_MATCH = YES;
				COPY_PHASE_STRIP = NO;
				DEBUG_INFORMATION_FORMAT = "dwarf-with-dsym";
				ENABLE_NS_ASSERTIONS = NO;
				ENABLE_STRICT_OBJC_MSGSEND = YES;
				GCC_C_LANGUAGE_STANDARD = gnu11;
				GCC_NO_COMMON_BLOCKS = YES;
				GCC_WARN_64_TO_32_BIT_CONVERSION = YES;
				GCC_WARN_ABOUT_RETURN_TYPE = YES_ERROR;
				GCC_WARN_UNDECLARED_SELECTOR = YES;
				GCC_WARN_UNINITIALIZED_AUTOS = YES_AGGRESSIVE;
				GCC_WARN_UNUSED_FUNCTION = YES;
				GCC_WARN_UNUSED_VARIABLE = YES;
				IPHONEOS_DEPLOYMENT_TARGET = 16.4;
				MTL_ENABLE_DEBUG_INFO = NO;
				MTL_FAST_MATH = YES;
				SDKROOT = iphoneos;
				SWIFT_COMPILATION_MODE = wholemodule;
				SWIFT_OPTIMIZATION_LEVEL = "-O";
				VALIDATE_PRODUCT = YES;
			};
			name = Release;
		};
		A5DE52752A023340004C22E7 /* Debug */ = {
			isa = XCBuildConfiguration;
			buildSettings = {
				ASSETCATALOG_COMPILER_APPICON_NAME = AppIcon;
				ASSETCATALOG_COMPILER_GLOBAL_ACCENT_COLOR_NAME = AccentColor;
				CODE_SIGN_STYLE = Automatic;
				CURRENT_PROJECT_VERSION = 1;
				DEVELOPMENT_ASSET_PATHS = "\"toDoMVVM/Preview Content\"";
				DEVELOPMENT_TEAM = LW327YJ489;
				ENABLE_PREVIEWS = YES;
				GENERATE_INFOPLIST_FILE = YES;
				INFOPLIST_KEY_UIApplicationSceneManifest_Generation = YES;
				INFOPLIST_KEY_UIApplicationSupportsIndirectInputEvents = YES;
				INFOPLIST_KEY_UILaunchScreen_Generation = YES;
				INFOPLIST_KEY_UISupportedInterfaceOrientations_iPad = "UIInterfaceOrientationPortrait UIInterfaceOrientationPortraitUpsideDown UIInterfaceOrientationLandscapeLeft UIInterfaceOrientationLandscapeRight";
				INFOPLIST_KEY_UISupportedInterfaceOrientations_iPhone = "UIInterfaceOrientationPortrait UIInterfaceOrientationLandscapeLeft UIInterfaceOrientationLandscapeRight";
				LD_RUNPATH_SEARCH_PATHS = (
					"$(inherited)",
					"@executable_path/Frameworks",
				);
				MARKETING_VERSION = 1.0;
				PRODUCT_BUNDLE_IDENTIFIER = com.timothy.toDoMVVM;
				PRODUCT_NAME = "$(TARGET_NAME)";
				SWIFT_EMIT_LOC_STRINGS = YES;
				SWIFT_VERSION = 5.0;
				TARGETED_DEVICE_FAMILY = "1,2";
			};
			name = Debug;
		};
		A5DE52762A023340004C22E7 /* Release */ = {
			isa = XCBuildConfiguration;
			buildSettings = {
				ASSETCATALOG_COMPILER_APPICON_NAME = AppIcon;
				ASSETCATALOG_COMPILER_GLOBAL_ACCENT_COLOR_NAME = AccentColor;
				CODE_SIGN_STYLE = Automatic;
				CURRENT_PROJECT_VERSION = 1;
				DEVELOPMENT_ASSET_PATHS = "\"toDoMVVM/Preview Content\"";
				DEVELOPMENT_TEAM = LW327YJ489;
				ENABLE_PREVIEWS = YES;
				GENERATE_INFOPLIST_FILE = YES;
				INFOPLIST_KEY_UIApplicationSceneManifest_Generation = YES;
				INFOPLIST_KEY_UIApplicationSupportsIndirectInputEvents = YES;
				INFOPLIST_KEY_UILaunchScreen_Generation = YES;
				INFOPLIST_KEY_UISupportedInterfaceOrientations_iPad = "UIInterfaceOrientationPortrait UIInterfaceOrientationPortraitUpsideDown UIInterfaceOrientationLandscapeLeft UIInterfaceOrientationLandscapeRight";
				INFOPLIST_KEY_UISupportedInterfaceOrientations_iPhone = "UIInterfaceOrientationPortrait UIInterfaceOrientationLandscapeLeft UIInterfaceOrientationLandscapeRight";
				LD_RUNPATH_SEARCH_PATHS = (
					"$(inherited)",
					"@executable_path/Frameworks",
				);
				MARKETING_VERSION = 1.0;
				PRODUCT_BUNDLE_IDENTIFIER = com.timothy.toDoMVVM;
				PRODUCT_NAME = "$(TARGET_NAME)";
				SWIFT_EMIT_LOC_STRINGS = YES;
				SWIFT_VERSION = 5.0;
				TARGETED_DEVICE_FAMILY = "1,2";
			};
			name = Release;
		};
/* End XCBuildConfiguration section */

/* Begin XCConfigurationList section */
		A5DE52612A02333F004C22E7 /* Build configuration list for PBXProject "toDoMVVM" */ = {
			isa = XCConfigurationList;
			buildConfigurations = (
				A5DE52722A023340004C22E7 /* Debug */,
				A5DE52732A023340004C22E7 /* Release */,
			);
			defaultConfigurationIsVisible = 0;
			defaultConfigurationName = Release;
		};
		A5DE52742A023340004C22E7 /* Build configuration list for PBXNativeTarget "toDoMVVM" */ = {
			isa = XCConfigurationList;
			buildConfigurations = (
				A5DE52752A023340004C22E7 /* Debug */,
				A5DE52762A023340004C22E7 /* Release */,
			);
			defaultConfigurationIsVisible = 0;
			defaultConfigurationName = Release;
		};
/* End XCConfigurationList section */
	};
	rootObject = A5DE525E2A02333F004C22E7 /* Project object */;
}
